// !$*UTF8*$!
{
	archiveVersion = 1;
	classes = {
	};
	objectVersion = 46;
	objects = {

/* Begin PBXBuildFile section */
		A938410C1CFD25AA00533AB9 /* AppDelegate.swift in Sources */ = {isa = PBXBuildFile; fileRef = A938410B1CFD25AA00533AB9 /* AppDelegate.swift */; };
		A938410E1CFD25AA00533AB9 /* GameScene.sks in Resources */ = {isa = PBXBuildFile; fileRef = A938410D1CFD25AA00533AB9 /* GameScene.sks */; };
		A93841101CFD25AA00533AB9 /* GameScene.swift in Sources */ = {isa = PBXBuildFile; fileRef = A938410F1CFD25AA00533AB9 /* GameScene.swift */; };
		A93841121CFD25AA00533AB9 /* GameViewController.swift in Sources */ = {isa = PBXBuildFile; fileRef = A93841111CFD25AA00533AB9 /* GameViewController.swift */; };
		A93841151CFD25AA00533AB9 /* Main.storyboard in Resources */ = {isa = PBXBuildFile; fileRef = A93841131CFD25AA00533AB9 /* Main.storyboard */; };
		A93841171CFD25AA00533AB9 /* Assets.xcassets in Resources */ = {isa = PBXBuildFile; fileRef = A93841161CFD25AA00533AB9 /* Assets.xcassets */; };
		A938411A1CFD25AA00533AB9 /* LaunchScreen.storyboard in Resources */ = {isa = PBXBuildFile; fileRef = A93841181CFD25AA00533AB9 /* LaunchScreen.storyboard */; };
		A93841251CFD25AA00533AB9 /* Crazy_GooTests.swift in Sources */ = {isa = PBXBuildFile; fileRef = A93841241CFD25AA00533AB9 /* Crazy_GooTests.swift */; };
		A93841301CFD25AA00533AB9 /* Crazy_GooUITests.swift in Sources */ = {isa = PBXBuildFile; fileRef = A938412F1CFD25AA00533AB9 /* Crazy_GooUITests.swift */; };
/* End PBXBuildFile section */

/* Begin PBXContainerItemProxy section */
		A93841211CFD25AA00533AB9 /* PBXContainerItemProxy */ = {
			isa = PBXContainerItemProxy;
			containerPortal = A93841001CFD25A800533AB9 /* Project object */;
			proxyType = 1;
			remoteGlobalIDString = A93841071CFD25A900533AB9;
			remoteInfo = "Crazy Goo";
		};
		A938412C1CFD25AA00533AB9 /* PBXContainerItemProxy */ = {
			isa = PBXContainerItemProxy;
			containerPortal = A93841001CFD25A800533AB9 /* Project object */;
			proxyType = 1;
			remoteGlobalIDString = A93841071CFD25A900533AB9;
			remoteInfo = "Crazy Goo";
		};
/* End PBXContainerItemProxy section */

/* Begin PBXFileReference section */
		A93841081CFD25A900533AB9 /* Crazy Goo.app */ = {isa = PBXFileReference; explicitFileType = wrapper.application; includeInIndex = 0; path = "Crazy Goo.app"; sourceTree = BUILT_PRODUCTS_DIR; };
		A938410B1CFD25AA00533AB9 /* AppDelegate.swift */ = {isa = PBXFileReference; lastKnownFileType = sourcecode.swift; path = AppDelegate.swift; sourceTree = "<group>"; };
		A938410D1CFD25AA00533AB9 /* GameScene.sks */ = {isa = PBXFileReference; lastKnownFileType = file.sks; path = GameScene.sks; sourceTree = "<group>"; };
		A938410F1CFD25AA00533AB9 /* GameScene.swift */ = {isa = PBXFileReference; lastKnownFileType = sourcecode.swift; path = GameScene.swift; sourceTree = "<group>"; };
		A93841111CFD25AA00533AB9 /* GameViewController.swift */ = {isa = PBXFileReference; lastKnownFileType = sourcecode.swift; path = GameViewController.swift; sourceTree = "<group>"; };
		A93841141CFD25AA00533AB9 /* Base */ = {isa = PBXFileReference; lastKnownFileType = file.storyboard; name = Base; path = Base.lproj/Main.storyboard; sourceTree = "<group>"; };
		A93841161CFD25AA00533AB9 /* Assets.xcassets */ = {isa = PBXFileReference; lastKnownFileType = folder.assetcatalog; path = Assets.xcassets; sourceTree = "<group>"; };
		A93841191CFD25AA00533AB9 /* Base */ = {isa = PBXFileReference; lastKnownFileType = file.storyboard; name = Base; path = Base.lproj/LaunchScreen.storyboard; sourceTree = "<group>"; };
		A938411B1CFD25AA00533AB9 /* Info.plist */ = {isa = PBXFileReference; lastKnownFileType = text.plist.xml; path = Info.plist; sourceTree = "<group>"; };
		A93841201CFD25AA00533AB9 /* Crazy GooTests.xctest */ = {isa = PBXFileReference; explicitFileType = wrapper.cfbundle; includeInIndex = 0; path = "Crazy GooTests.xctest"; sourceTree = BUILT_PRODUCTS_DIR; };
		A93841241CFD25AA00533AB9 /* Crazy_GooTests.swift */ = {isa = PBXFileReference; lastKnownFileType = sourcecode.swift; path = Crazy_GooTests.swift; sourceTree = "<group>"; };
		A93841261CFD25AA00533AB9 /* Info.plist */ = {isa = PBXFileReference; lastKnownFileType = text.plist.xml; path = Info.plist; sourceTree = "<group>"; };
		A938412B1CFD25AA00533AB9 /* Crazy GooUITests.xctest */ = {isa = PBXFileReference; explicitFileType = wrapper.cfbundle; includeInIndex = 0; path = "Crazy GooUITests.xctest"; sourceTree = BUILT_PRODUCTS_DIR; };
		A938412F1CFD25AA00533AB9 /* Crazy_GooUITests.swift */ = {isa = PBXFileReference; lastKnownFileType = sourcecode.swift; path = Crazy_GooUITests.swift; sourceTree = "<group>"; };
		A93841311CFD25AA00533AB9 /* Info.plist */ = {isa = PBXFileReference; lastKnownFileType = text.plist.xml; path = Info.plist; sourceTree = "<group>"; };
/* End PBXFileReference section */

/* Begin PBXFrameworksBuildPhase section */
		A93841051CFD25A900533AB9 /* Frameworks */ = {
			isa = PBXFrameworksBuildPhase;
			buildActionMask = 2147483647;
			files = (
			);
			runOnlyForDeploymentPostprocessing = 0;
		};
		A938411D1CFD25AA00533AB9 /* Frameworks */ = {
			isa = PBXFrameworksBuildPhase;
			buildActionMask = 2147483647;
			files = (
			);
			runOnlyForDeploymentPostprocessing = 0;
		};
		A93841281CFD25AA00533AB9 /* Frameworks */ = {
			isa = PBXFrameworksBuildPhase;
			buildActionMask = 2147483647;
			files = (
			);
			runOnlyForDeploymentPostprocessing = 0;
		};
/* End PBXFrameworksBuildPhase section */

/* Begin PBXGroup section */
		A93840FF1CFD25A800533AB9 = {
			isa = PBXGroup;
			children = (
				A938410A1CFD25A900533AB9 /* Crazy Goo */,
				A93841231CFD25AA00533AB9 /* Crazy GooTests */,
				A938412E1CFD25AA00533AB9 /* Crazy GooUITests */,
				A93841091CFD25A900533AB9 /* Products */,
			);
			sourceTree = "<group>";
		};
		A93841091CFD25A900533AB9 /* Products */ = {
			isa = PBXGroup;
			children = (
				A93841081CFD25A900533AB9 /* Crazy Goo.app */,
				A93841201CFD25AA00533AB9 /* Crazy GooTests.xctest */,
				A938412B1CFD25AA00533AB9 /* Crazy GooUITests.xctest */,
			);
			name = Products;
			sourceTree = "<group>";
		};
		A938410A1CFD25A900533AB9 /* Crazy Goo */ = {
			isa = PBXGroup;
			children = (
				A938410B1CFD25AA00533AB9 /* AppDelegate.swift */,
				A938410D1CFD25AA00533AB9 /* GameScene.sks */,
				A938410F1CFD25AA00533AB9 /* GameScene.swift */,
				A93841111CFD25AA00533AB9 /* GameViewController.swift */,
				A93841131CFD25AA00533AB9 /* Main.storyboard */,
				A93841161CFD25AA00533AB9 /* Assets.xcassets */,
				A93841181CFD25AA00533AB9 /* LaunchScreen.storyboard */,
				A938411B1CFD25AA00533AB9 /* Info.plist */,
			);
			path = "Crazy Goo";
			sourceTree = "<group>";
		};
		A93841231CFD25AA00533AB9 /* Crazy GooTests */ = {
			isa = PBXGroup;
			children = (
				A93841241CFD25AA00533AB9 /* Crazy_GooTests.swift */,
				A93841261CFD25AA00533AB9 /* Info.plist */,
			);
			path = "Crazy GooTests";
			sourceTree = "<group>";
		};
		A938412E1CFD25AA00533AB9 /* Crazy GooUITests */ = {
			isa = PBXGroup;
			children = (
				A938412F1CFD25AA00533AB9 /* Crazy_GooUITests.swift */,
				A93841311CFD25AA00533AB9 /* Info.plist */,
			);
			path = "Crazy GooUITests";
			sourceTree = "<group>";
		};
/* End PBXGroup section */

/* Begin PBXNativeTarget section */
		A93841071CFD25A900533AB9 /* Crazy Goo */ = {
			isa = PBXNativeTarget;
			buildConfigurationList = A93841341CFD25AA00533AB9 /* Build configuration list for PBXNativeTarget "Crazy Goo" */;
			buildPhases = (
				A93841041CFD25A900533AB9 /* Sources */,
				A93841051CFD25A900533AB9 /* Frameworks */,
				A93841061CFD25A900533AB9 /* Resources */,
			);
			buildRules = (
			);
			dependencies = (
			);
			name = "Crazy Goo";
			productName = "Crazy Goo";
			productReference = A93841081CFD25A900533AB9 /* Crazy Goo.app */;
			productType = "com.apple.product-type.application";
		};
		A938411F1CFD25AA00533AB9 /* Crazy GooTests */ = {
			isa = PBXNativeTarget;
			buildConfigurationList = A93841371CFD25AA00533AB9 /* Build configuration list for PBXNativeTarget "Crazy GooTests" */;
			buildPhases = (
				A938411C1CFD25AA00533AB9 /* Sources */,
				A938411D1CFD25AA00533AB9 /* Frameworks */,
				A938411E1CFD25AA00533AB9 /* Resources */,
			);
			buildRules = (
			);
			dependencies = (
				A93841221CFD25AA00533AB9 /* PBXTargetDependency */,
			);
			name = "Crazy GooTests";
			productName = "Crazy GooTests";
			productReference = A93841201CFD25AA00533AB9 /* Crazy GooTests.xctest */;
			productType = "com.apple.product-type.bundle.unit-test";
		};
		A938412A1CFD25AA00533AB9 /* Crazy GooUITests */ = {
			isa = PBXNativeTarget;
			buildConfigurationList = A938413A1CFD25AA00533AB9 /* Build configuration list for PBXNativeTarget "Crazy GooUITests" */;
			buildPhases = (
				A93841271CFD25AA00533AB9 /* Sources */,
				A93841281CFD25AA00533AB9 /* Frameworks */,
				A93841291CFD25AA00533AB9 /* Resources */,
			);
			buildRules = (
			);
			dependencies = (
				A938412D1CFD25AA00533AB9 /* PBXTargetDependency */,
			);
			name = "Crazy GooUITests";
			productName = "Crazy GooUITests";
			productReference = A938412B1CFD25AA00533AB9 /* Crazy GooUITests.xctest */;
			productType = "com.apple.product-type.bundle.ui-testing";
		};
/* End PBXNativeTarget section */

/* Begin PBXProject section */
		A93841001CFD25A800533AB9 /* Project object */ = {
			isa = PBXProject;
			attributes = {
				LastSwiftUpdateCheck = 0730;
				LastUpgradeCheck = 0730;
				ORGANIZATIONNAME = "CM-Tech";
				TargetAttributes = {
					A93841071CFD25A900533AB9 = {
						CreatedOnToolsVersion = 7.3;
						DevelopmentTeam = 854PMY4YX7;
					};
					A938411F1CFD25AA00533AB9 = {
						CreatedOnToolsVersion = 7.3;
						DevelopmentTeam = 854PMY4YX7;
						TestTargetID = A93841071CFD25A900533AB9;
					};
					A938412A1CFD25AA00533AB9 = {
						CreatedOnToolsVersion = 7.3;
						DevelopmentTeam = 854PMY4YX7;
						TestTargetID = A93841071CFD25A900533AB9;
					};
				};
			};
			buildConfigurationList = A93841031CFD25A900533AB9 /* Build configuration list for PBXProject "Crazy Goo" */;
			compatibilityVersion = "Xcode 3.2";
			developmentRegion = English;
			hasScannedForEncodings = 0;
			knownRegions = (
				en,
				Base,
			);
			mainGroup = A93840FF1CFD25A800533AB9;
			productRefGroup = A93841091CFD25A900533AB9 /* Products */;
			projectDirPath = "";
			projectRoot = "";
			targets = (
				A93841071CFD25A900533AB9 /* Crazy Goo */,
				A938411F1CFD25AA00533AB9 /* Crazy GooTests */,
				A938412A1CFD25AA00533AB9 /* Crazy GooUITests */,
			);
		};
/* End PBXProject section */

/* Begin PBXResourcesBuildPhase section */
		A93841061CFD25A900533AB9 /* Resources */ = {
			isa = PBXResourcesBuildPhase;
			buildActionMask = 2147483647;
			files = (
				A938410E1CFD25AA00533AB9 /* GameScene.sks in Resources */,
				A938411A1CFD25AA00533AB9 /* LaunchScreen.storyboard in Resources */,
				A93841171CFD25AA00533AB9 /* Assets.xcassets in Resources */,
				A93841151CFD25AA00533AB9 /* Main.storyboard in Resources */,
			);
			runOnlyForDeploymentPostprocessing = 0;
		};
		A938411E1CFD25AA00533AB9 /* Resources */ = {
			isa = PBXResourcesBuildPhase;
			buildActionMask = 2147483647;
			files = (
			);
			runOnlyForDeploymentPostprocessing = 0;
		};
		A93841291CFD25AA00533AB9 /* Resources */ = {
			isa = PBXResourcesBuildPhase;
			buildActionMask = 2147483647;
			files = (
			);
			runOnlyForDeploymentPostprocessing = 0;
		};
/* End PBXResourcesBuildPhase section */

/* Begin PBXSourcesBuildPhase section */
		A93841041CFD25A900533AB9 /* Sources */ = {
			isa = PBXSourcesBuildPhase;
			buildActionMask = 2147483647;
			files = (
				A93841101CFD25AA00533AB9 /* GameScene.swift in Sources */,
				A93841121CFD25AA00533AB9 /* GameViewController.swift in Sources */,
				A938410C1CFD25AA00533AB9 /* AppDelegate.swift in Sources */,
			);
			runOnlyForDeploymentPostprocessing = 0;
		};
		A938411C1CFD25AA00533AB9 /* Sources */ = {
			isa = PBXSourcesBuildPhase;
			buildActionMask = 2147483647;
			files = (
				A93841251CFD25AA00533AB9 /* Crazy_GooTests.swift in Sources */,
			);
			runOnlyForDeploymentPostprocessing = 0;
		};
		A93841271CFD25AA00533AB9 /* Sources */ = {
			isa = PBXSourcesBuildPhase;
			buildActionMask = 2147483647;
			files = (
				A93841301CFD25AA00533AB9 /* Crazy_GooUITests.swift in Sources */,
			);
			runOnlyForDeploymentPostprocessing = 0;
		};
/* End PBXSourcesBuildPhase section */

/* Begin PBXTargetDependency section */
		A93841221CFD25AA00533AB9 /* PBXTargetDependency */ = {
			isa = PBXTargetDependency;
			target = A93841071CFD25A900533AB9 /* Crazy Goo */;
			targetProxy = A93841211CFD25AA00533AB9 /* PBXContainerItemProxy */;
		};
		A938412D1CFD25AA00533AB9 /* PBXTargetDependency */ = {
			isa = PBXTargetDependency;
			target = A93841071CFD25A900533AB9 /* Crazy Goo */;
			targetProxy = A938412C1CFD25AA00533AB9 /* PBXContainerItemProxy */;
		};
/* End PBXTargetDependency section */

/* Begin PBXVariantGroup section */
		A93841131CFD25AA00533AB9 /* Main.storyboard */ = {
			isa = PBXVariantGroup;
			children = (
				A93841141CFD25AA00533AB9 /* Base */,
			);
			name = Main.storyboard;
			sourceTree = "<group>";
		};
		A93841181CFD25AA00533AB9 /* LaunchScreen.storyboard */ = {
			isa = PBXVariantGroup;
			children = (
				A93841191CFD25AA00533AB9 /* Base */,
			);
			name = LaunchScreen.storyboard;
			sourceTree = "<group>";
		};
/* End PBXVariantGroup section */

/* Begin XCBuildConfiguration section */
		A93841321CFD25AA00533AB9 /* Debug */ = {
			isa = XCBuildConfiguration;
			buildSettings = {
				ALWAYS_SEARCH_USER_PATHS = NO;
				CLANG_ANALYZER_NONNULL = YES;
				CLANG_CXX_LANGUAGE_STANDARD = "gnu++0x";
				CLANG_CXX_LIBRARY = "libc++";
				CLANG_ENABLE_MODULES = YES;
				CLANG_ENABLE_OBJC_ARC = YES;
				CLANG_WARN_BOOL_CONVERSION = YES;
				CLANG_WARN_CONSTANT_CONVERSION = YES;
				CLANG_WARN_DIRECT_OBJC_ISA_USAGE = YES_ERROR;
				CLANG_WARN_EMPTY_BODY = YES;
				CLANG_WARN_ENUM_CONVERSION = YES;
				CLANG_WARN_INT_CONVERSION = YES;
				CLANG_WARN_OBJC_ROOT_CLASS = YES_ERROR;
				CLANG_WARN_UNREACHABLE_CODE = YES;
				CLANG_WARN__DUPLICATE_METHOD_MATCH = YES;
				"CODE_SIGN_IDENTITY[sdk=iphoneos*]" = "iPhone Developer";
				COPY_PHASE_STRIP = NO;
				DEBUG_INFORMATION_FORMAT = "dwarf-with-dsym";
				ENABLE_STRICT_OBJC_MSGSEND = YES;
				ENABLE_TESTABILITY = YES;
				GCC_C_LANGUAGE_STANDARD = gnu99;
				GCC_DYNAMIC_NO_PIC = NO;
				GCC_NO_COMMON_BLOCKS = YES;
				GCC_OPTIMIZATION_LEVEL = 0;
				GCC_PREPROCESSOR_DEFINITIONS = (
					"DEBUG=1",
					"$(inherited)",
				);
				GCC_WARN_64_TO_32_BIT_CONVERSION = YES;
				GCC_WARN_ABOUT_RETURN_TYPE = YES_ERROR;
				GCC_WARN_UNDECLARED_SELECTOR = YES;
				GCC_WARN_UNINITIALIZED_AUTOS = YES_AGGRESSIVE;
				GCC_WARN_UNUSED_FUNCTION = YES;
				GCC_WARN_UNUSED_VARIABLE = YES;
				IPHONEOS_DEPLOYMENT_TARGET = 9.3;
				MTL_ENABLE_DEBUG_INFO = YES;
				ONLY_ACTIVE_ARCH = YES;
				SDKROOT = iphoneos;
				SWIFT_OPTIMIZATION_LEVEL = "-Onone";
				TARGETED_DEVICE_FAMILY = "1,2";
			};
			name = Debug;
		};
		A93841331CFD25AA00533AB9 /* Release */ = {
			isa = XCBuildConfiguration;
			buildSettings = {
				ALWAYS_SEARCH_USER_PATHS = NO;
				CLANG_ANALYZER_NONNULL = YES;
				CLANG_CXX_LANGUAGE_STANDARD = "gnu++0x";
				CLANG_CXX_LIBRARY = "libc++";
				CLANG_ENABLE_MODULES = YES;
				CLANG_ENABLE_OBJC_ARC = YES;
				CLANG_WARN_BOOL_CONVERSION = YES;
				CLANG_WARN_CONSTANT_CONVERSION = YES;
				CLANG_WARN_DIRECT_OBJC_ISA_USAGE = YES_ERROR;
				CLANG_WARN_EMPTY_BODY = YES;
				CLANG_WARN_ENUM_CONVERSION = YES;
				CLANG_WARN_INT_CONVERSION = YES;
				CLANG_WARN_OBJC_ROOT_CLASS = YES_ERROR;
				CLANG_WARN_UNREACHABLE_CODE = YES;
				CLANG_WARN__DUPLICATE_METHOD_MATCH = YES;
				"CODE_SIGN_IDENTITY[sdk=iphoneos*]" = "iPhone Developer";
				COPY_PHASE_STRIP = NO;
				DEBUG_INFORMATION_FORMAT = "dwarf-with-dsym";
				ENABLE_NS_ASSERTIONS = NO;
				ENABLE_STRICT_OBJC_MSGSEND = YES;
				GCC_C_LANGUAGE_STANDARD = gnu99;
				GCC_NO_COMMON_BLOCKS = YES;
				GCC_WARN_64_TO_32_BIT_CONVERSION = YES;
				GCC_WARN_ABOUT_RETURN_TYPE = YES_ERROR;
				GCC_WARN_UNDECLARED_SELECTOR = YES;
				GCC_WARN_UNINITIALIZED_AUTOS = YES_AGGRESSIVE;
				GCC_WARN_UNUSED_FUNCTION = YES;
				GCC_WARN_UNUSED_VARIABLE = YES;
				IPHONEOS_DEPLOYMENT_TARGET = 9.3;
				MTL_ENABLE_DEBUG_INFO = NO;
				SDKROOT = iphoneos;
				TARGETED_DEVICE_FAMILY = "1,2";
				VALIDATE_PRODUCT = YES;
			};
			name = Release;
		};
		A93841351CFD25AA00533AB9 /* Debug */ = {
			isa = XCBuildConfiguration;
			buildSettings = {
				ASSETCATALOG_COMPILER_APPICON_NAME = AppIcon;
				INFOPLIST_FILE = "Crazy Goo/Info.plist";
				LD_RUNPATH_SEARCH_PATHS = "$(inherited) @executable_path/Frameworks";
				PRODUCT_BUNDLE_IDENTIFIER = "edu.cmtech.Crazy-Goo";
				PRODUCT_NAME = "$(TARGET_NAME)";
			};
			name = Debug;
		};
		A93841361CFD25AA00533AB9 /* Release */ = {
			isa = XCBuildConfiguration;
			buildSettings = {
				ASSETCATALOG_COMPILER_APPICON_NAME = AppIcon;
				INFOPLIST_FILE = "Crazy Goo/Info.plist";
				LD_RUNPATH_SEARCH_PATHS = "$(inherited) @executable_path/Frameworks";
				PRODUCT_BUNDLE_IDENTIFIER = "edu.cmtech.Crazy-Goo";
				PRODUCT_NAME = "$(TARGET_NAME)";
			};
			name = Release;
		};
		A93841381CFD25AA00533AB9 /* Debug */ = {
			isa = XCBuildConfiguration;
			buildSettings = {
				BUNDLE_LOADER = "$(TEST_HOST)";
				DEBUG_INFORMATION_FORMAT = dwarf;
				INFOPLIST_FILE = "Crazy GooTests/Info.plist";
				LD_RUNPATH_SEARCH_PATHS = "$(inherited) @executable_path/Frameworks @loader_path/Frameworks";
				PRODUCT_BUNDLE_IDENTIFIER = "edu.cmtech.Crazy-GooTests";
				PRODUCT_NAME = "$(TARGET_NAME)";
				TEST_HOST = "$(BUILT_PRODUCTS_DIR)/Crazy Goo.app/Crazy Goo";
			};
			name = Debug;
		};
		A93841391CFD25AA00533AB9 /* Release */ = {
			isa = XCBuildConfiguration;
			buildSettings = {
				BUNDLE_LOADER = "$(TEST_HOST)";
				INFOPLIST_FILE = "Crazy GooTests/Info.plist";
				LD_RUNPATH_SEARCH_PATHS = "$(inherited) @executable_path/Frameworks @loader_path/Frameworks";
				PRODUCT_BUNDLE_IDENTIFIER = "edu.cmtech.Crazy-GooTests";
				PRODUCT_NAME = "$(TARGET_NAME)";
				TEST_HOST = "$(BUILT_PRODUCTS_DIR)/Crazy Goo.app/Crazy Goo";
			};
			name = Release;
		};
		A938413B1CFD25AA00533AB9 /* Debug */ = {
			isa = XCBuildConfiguration;
			buildSettings = {
				DEBUG_INFORMATION_FORMAT = dwarf;
				INFOPLIST_FILE = "Crazy GooUITests/Info.plist";
				LD_RUNPATH_SEARCH_PATHS = "$(inherited) @executable_path/Frameworks @loader_path/Frameworks";
				PRODUCT_BUNDLE_IDENTIFIER = "edu.cmtech.Crazy-GooUITests";
				PRODUCT_NAME = "$(TARGET_NAME)";
				TEST_TARGET_NAME = "Crazy Goo";
			};
			name = Debug;
		};
		A938413C1CFD25AA00533AB9 /* Release */ = {
			isa = XCBuildConfiguration;
			buildSettings = {
				INFOPLIST_FILE = "Crazy GooUITests/Info.plist";
				LD_RUNPATH_SEARCH_PATHS = "$(inherited) @executable_path/Frameworks @loader_path/Frameworks";
				PRODUCT_BUNDLE_IDENTIFIER = "edu.cmtech.Crazy-GooUITests";
				PRODUCT_NAME = "$(TARGET_NAME)";
				TEST_TARGET_NAME = "Crazy Goo";
			};
			name = Release;
		};
/* End XCBuildConfiguration section */

/* Begin XCConfigurationList section */
		A93841031CFD25A900533AB9 /* Build configuration list for PBXProject "Crazy Goo" */ = {
			isa = XCConfigurationList;
			buildConfigurations = (
				A93841321CFD25AA00533AB9 /* Debug */,
				A93841331CFD25AA00533AB9 /* Release */,
			);
			defaultConfigurationIsVisible = 0;
			defaultConfigurationName = Release;
		};
		A93841341CFD25AA00533AB9 /* Build configuration list for PBXNativeTarget "Crazy Goo" */ = {
			isa = XCConfigurationList;
			buildConfigurations = (
				A93841351CFD25AA00533AB9 /* Debug */,
				A93841361CFD25AA00533AB9 /* Release */,
			);
			defaultConfigurationIsVisible = 0;
		};
		A93841371CFD25AA00533AB9 /* Build configuration list for PBXNativeTarget "Crazy GooTests" */ = {
			isa = XCConfigurationList;
			buildConfigurations = (
				A93841381CFD25AA00533AB9 /* Debug */,
				A93841391CFD25AA00533AB9 /* Release */,
			);
			defaultConfigurationIsVisible = 0;
		};
		A938413A1CFD25AA00533AB9 /* Build configuration list for PBXNativeTarget "Crazy GooUITests" */ = {
			isa = XCConfigurationList;
			buildConfigurations = (
				A938413B1CFD25AA00533AB9 /* Debug */,
				A938413C1CFD25AA00533AB9 /* Release */,
			);
			defaultConfigurationIsVisible = 0;
		};
/* End XCConfigurationList section */
	};
	rootObject = A93841001CFD25A800533AB9 /* Project object */;
}
